
Microsoft Visual Studio Solution File, Format Version 12.00
# Visual Studio Version 16
VisualStudioVersion = 16.0.29409.12
MinimumVisualStudioVersion = 10.0.40219.1
Project("{FAE04EC0-301F-11D3-BF4B-00C04F79EFBC}") = "Selenium.CefSharp.Driver", "Selenium.CefSharp.Driver\Selenium.CefSharp.Driver.csproj", "{D4E61820-4BCE-4CEE-8DAE-924C9F8CC9F0}"
EndProject
Project("{2150E333-8FDC-42A3-9474-1A3956D46DE8}") = ".nuget", ".nuget", "{26AD8B74-3D23-4510-8FEB-7EC3FE309B75}"
	ProjectSection(SolutionItems) = preProject
		.nuget\Selenium.CefSharp.Driver.nuspec = .nuget\Selenium.CefSharp.Driver.nuspec
	EndProjectSection
EndProject
Project("{FAE04EC0-301F-11D3-BF4B-00C04F79EFBC}") = "CefSharpWPF", "CefSharpWPF\CefSharpWPF.csproj", "{E8D91287-B59E-4F45-BBE1-5D96CD92DEBA}"
EndProject
Project("{FAE04EC0-301F-11D3-BF4B-00C04F79EFBC}") = "UnitTest", "UnitTest\UnitTest.csproj", "{BB7ABB16-524F-45BA-9436-9CA4406E24A9}"
EndProject
Global
	GlobalSection(SolutionConfigurationPlatforms) = preSolution
		Debug|Any CPU = Debug|Any CPU
		Debug|x86 = Debug|x86
		Release|Any CPU = Release|Any CPU
		Release|x86 = Release|x86
	EndGlobalSection
	GlobalSection(ProjectConfigurationPlatforms) = postSolution
		{D4E61820-4BCE-4CEE-8DAE-924C9F8CC9F0}.Debug|Any CPU.ActiveCfg = Debug|Any CPU
		{D4E61820-4BCE-4CEE-8DAE-924C9F8CC9F0}.Debug|Any CPU.Build.0 = Debug|Any CPU
		{D4E61820-4BCE-4CEE-8DAE-924C9F8CC9F0}.Debug|x86.ActiveCfg = Debug|x86
		{D4E61820-4BCE-4CEE-8DAE-924C9F8CC9F0}.Debug|x86.Build.0 = Debug|x86
		{D4E61820-4BCE-4CEE-8DAE-924C9F8CC9F0}.Release|Any CPU.ActiveCfg = Release|Any CPU
		{D4E61820-4BCE-4CEE-8DAE-924C9F8CC9F0}.Release|Any CPU.Build.0 = Release|Any CPU
		{D4E61820-4BCE-4CEE-8DAE-924C9F8CC9F0}.Release|x86.ActiveCfg = Release|x86
		{D4E61820-4BCE-4CEE-8DAE-924C9F8CC9F0}.Release|x86.Build.0 = Release|x86
		{E8D91287-B59E-4F45-BBE1-5D96CD92DEBA}.Debug|Any CPU.ActiveCfg = Debug|Any CPU
		{E8D91287-B59E-4F45-BBE1-5D96CD92DEBA}.Debug|Any CPU.Build.0 = Debug|Any CPU
		{E8D91287-B59E-4F45-BBE1-5D96CD92DEBA}.Debug|x86.ActiveCfg = Debug|x86
		{E8D91287-B59E-4F45-BBE1-5D96CD92DEBA}.Debug|x86.Build.0 = Debug|x86
		{E8D91287-B59E-4F45-BBE1-5D96CD92DEBA}.Release|Any CPU.ActiveCfg = Release|Any CPU
		{E8D91287-B59E-4F45-BBE1-5D96CD92DEBA}.Release|Any CPU.Build.0 = Release|Any CPU
		{E8D91287-B59E-4F45-BBE1-5D96CD92DEBA}.Release|x86.ActiveCfg = Release|x86
		{E8D91287-B59E-4F45-BBE1-5D96CD92DEBA}.Release|x86.Build.0 = Release|x86
		{BB7ABB16-524F-45BA-9436-9CA4406E24A9}.Debug|Any CPU.ActiveCfg = Debug|Any CPU
		{BB7ABB16-524F-45BA-9436-9CA4406E24A9}.Debug|Any CPU.Build.0 = Debug|Any CPU
		{BB7ABB16-524F-45BA-9436-9CA4406E24A9}.Debug|x86.ActiveCfg = Debug|Any CPU
		{BB7ABB16-524F-45BA-9436-9CA4406E24A9}.Debug|x86.Build.0 = Debug|Any CPU
		{BB7ABB16-524F-45BA-9436-9CA4406E24A9}.Release|Any CPU.ActiveCfg = Release|Any CPU
		{BB7ABB16-524F-45BA-9436-9CA4406E24A9}.Release|Any CPU.Build.0 = Release|Any CPU
		{BB7ABB16-524F-45BA-9436-9CA4406E24A9}.Release|x86.ActiveCfg = Release|Any CPU
		{BB7ABB16-524F-45BA-9436-9CA4406E24A9}.Release|x86.Build.0 = Release|Any CPU
	EndGlobalSection
	GlobalSection(SolutionProperties) = preSolution
		HideSolutionNode = FALSE
	EndGlobalSection
	GlobalSection(ExtensibilityGlobals) = postSolution
		SolutionGuid = {3B104A57-B87D-40CF-947D-A424E77215F6}
	EndGlobalSection
EndGlobal
